
Microsoft Visual Studio Solution File, Format Version 12.00
# Visual Studio Version 17
VisualStudioVersion = 17.4.33403.182
MinimumVisualStudioVersion = 10.0.40219.1
Project("{9A19103F-16F7-4668-BE54-9A1E7A4F7556}") = "CSharpNet.FeedForwardNet", "CSharpNet.FeedForwardNet\CSharpNet.FeedForwardNet.csproj", "{C15D1128-2BB6-40A5-A9BA-825B73B64D40}"
EndProject
Global
	GlobalSection(SolutionConfigurationPlatforms) = preSolution
		Debug|Any CPU = Debug|Any CPU
		Release|Any CPU = Release|Any CPU
	EndGlobalSection
	GlobalSection(ProjectConfigurationPlatforms) = postSolution
		{C15D1128-2BB6-40A5-A9BA-825B73B64D40}.Debug|Any CPU.ActiveCfg = Debug|Any CPU
		{C15D1128-2BB6-40A5-A9BA-825B73B64D40}.Debug|Any CPU.Build.0 = Debug|Any CPU
		{C15D1128-2BB6-40A5-A9BA-825B73B64D40}.Release|Any CPU.ActiveCfg = Release|Any CPU
		{C15D1128-2BB6-40A5-A9BA-825B73B64D40}.Release|Any CPU.Build.0 = Release|Any CPU
	EndGlobalSection
	GlobalSection(SolutionProperties) = preSolution
		HideSolutionNode = FALSE
	EndGlobalSection
	GlobalSection(ExtensibilityGlobals) = postSolution
		SolutionGuid = {59811FEE-3D68-4579-AA7A-18C74AC41656}
	EndGlobalSection
EndGlobal
